
Microsoft Visual Studio Solution File, Format Version 12.00
# Visual Studio Version 17
VisualStudioVersion = 17.9.34728.123
MinimumVisualStudioVersion = 10.0.40219.1
Project("{9A19103F-16F7-4668-BE54-9A1E7A4F7556}") = "Kraftvaerk.Umbraco.Headless.BlockPreview.Backend", "Kraftvaerk.Umbraco.Headless.BlockPreview.Backend\Kraftvaerk.Umbraco.Headless.BlockPreview.Backend.csproj", "{5B813CB5-0008-49C6-8CE5-72A0D38820DC}"
EndProject
Project("{54A90642-561A-4BB1-A94E-469ADEE60C69}") = "Kraftvaerk.Umbraco.Headless.BlockPreview.Frontend", "Kraftvaerk.Umbraco.Headless.BlockPreview.Frontend\Kraftvaerk.Umbraco.Headless.BlockPreview.Frontend.esproj", "{D4EF68A4-E7FF-4B78-8340-D8B2CE97DD02}"
EndProject
Project("{2150E333-8FDC-42A3-9474-1A3956D46DE8}") = "Umbraco", "Umbraco", "{5CFD1E54-92AE-4461-AB21-6045BB739A48}"
EndProject
Project("{FAE04EC0-301F-11D3-BF4B-00C04F79EFBC}") = "Umbraco-16.0.0-rc6", "Umbraco\Umbraco-16.0.0-rc6\Umbraco-16.0.0-rc6.csproj", "{72B4C08F-DD90-454B-A823-FDB7F002E94C}"
EndProject
Global
	GlobalSection(SolutionConfigurationPlatforms) = preSolution
		Debug|Any CPU = Debug|Any CPU
		Debug|x64 = Debug|x64
		Debug|x86 = Debug|x86
		Release|Any CPU = Release|Any CPU
		Release|x64 = Release|x64
		Release|x86 = Release|x86
	EndGlobalSection
	GlobalSection(ProjectConfigurationPlatforms) = postSolution
		{5B813CB5-0008-49C6-8CE5-72A0D38820DC}.Debug|Any CPU.ActiveCfg = Debug|Any CPU
		{5B813CB5-0008-49C6-8CE5-72A0D38820DC}.Debug|Any CPU.Build.0 = Debug|Any CPU
		{5B813CB5-0008-49C6-8CE5-72A0D38820DC}.Debug|x64.ActiveCfg = Debug|Any CPU
		{5B813CB5-0008-49C6-8CE5-72A0D38820DC}.Debug|x64.Build.0 = Debug|Any CPU
		{5B813CB5-0008-49C6-8CE5-72A0D38820DC}.Debug|x86.ActiveCfg = Debug|Any CPU
		{5B813CB5-0008-49C6-8CE5-72A0D38820DC}.Debug|x86.Build.0 = Debug|Any CPU
		{5B813CB5-0008-49C6-8CE5-72A0D38820DC}.Release|Any CPU.ActiveCfg = Release|Any CPU
		{5B813CB5-0008-49C6-8CE5-72A0D38820DC}.Release|Any CPU.Build.0 = Release|Any CPU
		{5B813CB5-0008-49C6-8CE5-72A0D38820DC}.Release|x64.ActiveCfg = Release|Any CPU
		{5B813CB5-0008-49C6-8CE5-72A0D38820DC}.Release|x64.Build.0 = Release|Any CPU
		{5B813CB5-0008-49C6-8CE5-72A0D38820DC}.Release|x86.ActiveCfg = Release|Any CPU
		{5B813CB5-0008-49C6-8CE5-72A0D38820DC}.Release|x86.Build.0 = Release|Any CPU
		{D4EF68A4-E7FF-4B78-8340-D8B2CE97DD02}.Debug|Any CPU.ActiveCfg = Debug|Any CPU
		{D4EF68A4-E7FF-4B78-8340-D8B2CE97DD02}.Debug|Any CPU.Build.0 = Debug|Any CPU
		{D4EF68A4-E7FF-4B78-8340-D8B2CE97DD02}.Debug|Any CPU.Deploy.0 = Debug|Any CPU
		{D4EF68A4-E7FF-4B78-8340-D8B2CE97DD02}.Debug|x64.ActiveCfg = Debug|x64
		{D4EF68A4-E7FF-4B78-8340-D8B2CE97DD02}.Debug|x86.ActiveCfg = Debug|x86
		{D4EF68A4-E7FF-4B78-8340-D8B2CE97DD02}.Release|Any CPU.ActiveCfg = Release|Any CPU
		{D4EF68A4-E7FF-4B78-8340-D8B2CE97DD02}.Release|Any CPU.Build.0 = Release|Any CPU
		{D4EF68A4-E7FF-4B78-8340-D8B2CE97DD02}.Release|Any CPU.Deploy.0 = Release|Any CPU
		{D4EF68A4-E7FF-4B78-8340-D8B2CE97DD02}.Release|x64.ActiveCfg = Release|x64
		{D4EF68A4-E7FF-4B78-8340-D8B2CE97DD02}.Release|x86.ActiveCfg = Release|x86
		{72B4C08F-DD90-454B-A823-FDB7F002E94C}.Debug|Any CPU.ActiveCfg = Debug|Any CPU
		{72B4C08F-DD90-454B-A823-FDB7F002E94C}.Debug|Any CPU.Build.0 = Debug|Any CPU
		{72B4C08F-DD90-454B-A823-FDB7F002E94C}.Debug|x64.ActiveCfg = Debug|Any CPU
		{72B4C08F-DD90-454B-A823-FDB7F002E94C}.Debug|x64.Build.0 = Debug|Any CPU
		{72B4C08F-DD90-454B-A823-FDB7F002E94C}.Debug|x86.ActiveCfg = Debug|Any CPU
		{72B4C08F-DD90-454B-A823-FDB7F002E94C}.Debug|x86.Build.0 = Debug|Any CPU
		{72B4C08F-DD90-454B-A823-FDB7F002E94C}.Release|Any CPU.ActiveCfg = Release|Any CPU
		{72B4C08F-DD90-454B-A823-FDB7F002E94C}.Release|Any CPU.Build.0 = Release|Any CPU
		{72B4C08F-DD90-454B-A823-FDB7F002E94C}.Release|x64.ActiveCfg = Release|Any CPU
		{72B4C08F-DD90-454B-A823-FDB7F002E94C}.Release|x64.Build.0 = Release|Any CPU
		{72B4C08F-DD90-454B-A823-FDB7F002E94C}.Release|x86.ActiveCfg = Release|Any CPU
		{72B4C08F-DD90-454B-A823-FDB7F002E94C}.Release|x86.Build.0 = Release|Any CPU
	EndGlobalSection
	GlobalSection(SolutionProperties) = preSolution
		HideSolutionNode = FALSE
	EndGlobalSection
	GlobalSection(NestedProjects) = preSolution
		{72B4C08F-DD90-454B-A823-FDB7F002E94C} = {5CFD1E54-92AE-4461-AB21-6045BB739A48}
	EndGlobalSection
	GlobalSection(ExtensibilityGlobals) = postSolution
		SolutionGuid = {7EF47476-2DE6-4B08-B6B2-EE0B869985AB}
	EndGlobalSection
EndGlobal
