<Solution>
  <Folder Name="/Umbraco/">
    <Project Path="Umbraco/18.0.0-rc2/Umbraco-18.0.0-rc2.csproj" />
  </Folder>
  <Project Path="Kraftvaerk.Umbraco.Headless.BlockPreview.Backend/Kraftvaerk.Umbraco.Headless.BlockPreview.Backend.csproj" />
  <Project Path="Kraftvaerk.Umbraco.Headless.BlockPreview.Extension/Kraftvaerk.Umbraco.Headless.BlockPreview.Extension.esproj">
    <Build />
    <Deploy />
  </Project>
</Solution>